
Microsoft Visual Studio Solution File, Format Version 12.00
# Visual Studio Version 16
VisualStudioVersion = 16.0.31410.357
MinimumVisualStudioVersion = 10.0.40219.1
Project("{FAE04EC0-301F-11D3-BF4B-00C04F79EFBC}") = "WpfApp1", "WpfApp1.csproj", "{9879B973-92B2-482F-B2F4-0CC2A8B8F8F5}"
EndProject
Project("{FAE04EC0-301F-11D3-BF4B-00C04F79EFBC}") = "WcfService1", "..\WcfService1\WcfService1.csproj", "{B0284BF2-29D2-4875-B4B1-438DB2CE5E94}"
EndProject
Global
	GlobalSection(SolutionConfigurationPlatforms) = preSolution
		Debug|Any CPU = Debug|Any CPU
		Release|Any CPU = Release|Any CPU
	EndGlobalSection
	GlobalSection(ProjectConfigurationPlatforms) = postSolution
		{9879B973-92B2-482F-B2F4-0CC2A8B8F8F5}.Debug|Any CPU.ActiveCfg = Debug|Any CPU
		{9879B973-92B2-482F-B2F4-0CC2A8B8F8F5}.Debug|Any CPU.Build.0 = Debug|Any CPU
		{9879B973-92B2-482F-B2F4-0CC2A8B8F8F5}.Release|Any CPU.ActiveCfg = Release|Any CPU
		{9879B973-92B2-482F-B2F4-0CC2A8B8F8F5}.Release|Any CPU.Build.0 = Release|Any CPU
		{B0284BF2-29D2-4875-B4B1-438DB2CE5E94}.Debug|Any CPU.ActiveCfg = Debug|Any CPU
		{B0284BF2-29D2-4875-B4B1-438DB2CE5E94}.Debug|Any CPU.Build.0 = Debug|Any CPU
		{B0284BF2-29D2-4875-B4B1-438DB2CE5E94}.Release|Any CPU.ActiveCfg = Release|Any CPU
		{B0284BF2-29D2-4875-B4B1-438DB2CE5E94}.Release|Any CPU.Build.0 = Release|Any CPU
	EndGlobalSection
	GlobalSection(SolutionProperties) = preSolution
		HideSolutionNode = FALSE
	EndGlobalSection
	GlobalSection(ExtensibilityGlobals) = postSolution
		SolutionGuid = {838981A5-F145-4081-8950-83618541A7D7}
	EndGlobalSection
EndGlobal
